{
    "name": "password-generator",
    "version": "1.0.0",
    "lockfileVersion": 3,
    "requires": true,
    "packages": {
        "": {
            "name": "password-generator",
            "version": "1.0.0",
            "license": "MIT",
            "dependencies": {
                "password-generator": "file:"
            }
        },
        "node_modules/password-generator": {
            "resolved": "",
            "link": true
        }
    }
}
