{
    "name": "dmitriy-password-gen",
    "version": "1.0.0",
    "lockfileVersion": 3,
    "requires": true,
    "packages": {
        "": {
            "name": "dmitriy-password-gen",
            "version": "1.0.0",
            "license": "MIT",
            "dependencies": {
                "dmitriy-password-gen": "file:",
                "password-generator": "file:"
            }
        },
        "node_modules/dmitriy-password-gen": {
            "resolved": "",
            "link": true
        },
        "node_modules/password-generator": {
            "resolved": "",
            "link": true
        }
    }
}
